Microsoft Visual Studio Solution File, Format Version 12.00
# Visual Studio 15
VisualStudioVersion = 15.0.28010.2048
MinimumVisualStudioVersion = 10.0.40219.1
Project("{FAE04EC0-301F-11D3-BF4B-00C04F79EFBC}") = "VisualProvision.Android", "VisualProvision.Android\VisualProvision.Android.csproj", "{252FE5EA-47FB-4705-A5EB-E1241AA2E756}"
EndProject
Project("{FAE04EC0-301F-11D3-BF4B-00C04F79EFBC}") = "VisualProvision.iOS", "VisualProvision.iOS\VisualProvision.iOS.csproj", "{D514C396-56DA-4AD6-8C1F-F933382F096B}"
EndProject
Project("{9A19103F-16F7-4668-BE54-9A1E7A4F7556}") = "VisualProvision", "VisualProvision\VisualProvision.csproj", "{093C950E-DB49-48DD-A732-035DF79732F1}"
EndProject
Project("{FAE04EC0-301F-11D3-BF4B-00C04F79EFBC}") = "VisualProvision.UITest", "VisualProvision.UITest\VisualProvision.UITest.csproj", "{B19C892E-2628-4CA7-AD27-08D406A3B14B}"
EndProject
Global
	GlobalSection(SolutionConfigurationPlatforms) = preSolution
		Ad-Hoc|Any CPU = Ad-Hoc|Any CPU
		Ad-Hoc|iPhone = Ad-Hoc|iPhone
		Ad-Hoc|iPhoneSimulator = Ad-Hoc|iPhoneSimulator
		AppStore|Any CPU = AppStore|Any CPU
		AppStore|iPhone = AppStore|iPhone
		AppStore|iPhoneSimulator = AppStore|iPhoneSimulator
		Debug|Any CPU = Debug|Any CPU
		Debug|iPhone = Debug|iPhone
		Debug|iPhoneSimulator = Debug|iPhoneSimulator
		Release|Any CPU = Release|Any CPU
		Release|iPhone = Release|iPhone
		Release|iPhoneSimulator = Release|iPhoneSimulator
		UITestConfig|Any CPU = UITestConfig|Any CPU
		UITestConfig|iPhone = UITestConfig|iPhone
		UITestConfig|iPhoneSimulator = UITestConfig|iPhoneSimulator
	EndGlobalSection
	GlobalSection(ProjectConfigurationPlatforms) = postSolution
		{252FE5EA-47FB-4705-A5EB-E1241AA2E756}.Ad-Hoc|Any CPU.ActiveCfg = Release|Any CPU
		{252FE5EA-47FB-4705-A5EB-E1241AA2E756}.Ad-Hoc|Any CPU.Build.0 = Release|Any CPU
		{252FE5EA-47FB-4705-A5EB-E1241AA2E756}.Ad-Hoc|Any CPU.Deploy.0 = Release|Any CPU
		{252FE5EA-47FB-4705-A5EB-E1241AA2E756}.Ad-Hoc|iPhone.ActiveCfg = Debug|Any CPU
		{252FE5EA-47FB-4705-A5EB-E1241AA2E756}.Ad-Hoc|iPhone.Build.0 = Debug|Any CPU
		{252FE5EA-47FB-4705-A5EB-E1241AA2E756}.Ad-Hoc|iPhoneSimulator.ActiveCfg = Release|Any CPU
		{252FE5EA-47FB-4705-A5EB-E1241AA2E756}.Ad-Hoc|iPhoneSimulator.Build.0 = Release|Any CPU
		{252FE5EA-47FB-4705-A5EB-E1241AA2E756}.Ad-Hoc|iPhoneSimulator.Deploy.0 = Release|Any CPU
		{252FE5EA-47FB-4705-A5EB-E1241AA2E756}.AppStore|Any CPU.ActiveCfg = Release|Any CPU
		{252FE5EA-47FB-4705-A5EB-E1241AA2E756}.AppStore|Any CPU.Build.0 = Release|Any CPU
		{252FE5EA-47FB-4705-A5EB-E1241AA2E756}.AppStore|Any CPU.Deploy.0 = Release|Any CPU
		{252FE5EA-47FB-4705-A5EB-E1241AA2E756}.AppStore|iPhone.ActiveCfg = Debug|Any CPU
		{252FE5EA-47FB-4705-A5EB-E1241AA2E756}.AppStore|iPhone.Build.0 = Debug|Any CPU
		{252FE5EA-47FB-4705-A5EB-E1241AA2E756}.AppStore|iPhoneSimulator.ActiveCfg = Release|Any CPU
		{252FE5EA-47FB-4705-A5EB-E1241AA2E756}.AppStore|iPhoneSimulator.Build.0 = Release|Any CPU
		{252FE5EA-47FB-4705-A5EB-E1241AA2E756}.AppStore|iPhoneSimulator.Deploy.0 = Release|Any CPU
		{252FE5EA-47FB-4705-A5EB-E1241AA2E756}.Debug|Any CPU.ActiveCfg = Debug|Any CPU
		{252FE5EA-47FB-4705-A5EB-E1241AA2E756}.Debug|Any CPU.Build.0 = Debug|Any CPU
		{252FE5EA-47FB-4705-A5EB-E1241AA2E756}.Debug|Any CPU.Deploy.0 = Debug|Any CPU
		{252FE5EA-47FB-4705-A5EB-E1241AA2E756}.Debug|iPhone.ActiveCfg = Debug|Any CPU
		{252FE5EA-47FB-4705-A5EB-E1241AA2E756}.Debug|iPhone.Build.0 = Debug|Any CPU
		{252FE5EA-47FB-4705-A5EB-E1241AA2E756}.Debug|iPhoneSimulator.ActiveCfg = Debug|Any CPU
		{252FE5EA-47FB-4705-A5EB-E1241AA2E756}.Debug|iPhoneSimulator.Build.0 = Debug|Any CPU
		{252FE5EA-47FB-4705-A5EB-E1241AA2E756}.Release|Any CPU.ActiveCfg = Release|Any CPU
		{252FE5EA-47FB-4705-A5EB-E1241AA2E756}.Release|Any CPU.Build.0 = Release|Any CPU
		{252FE5EA-47FB-4705-A5EB-E1241AA2E756}.Release|iPhone.ActiveCfg = Release|Any CPU
		{252FE5EA-47FB-4705-A5EB-E1241AA2E756}.Release|iPhone.Build.0 = Release|Any CPU
		{252FE5EA-47FB-4705-A5EB-E1241AA2E756}.Release|iPhoneSimulator.ActiveCfg = Release|Any CPU
		{252FE5EA-47FB-4705-A5EB-E1241AA2E756}.Release|iPhoneSimulator.Build.0 = Release|Any CPU
		{252FE5EA-47FB-4705-A5EB-E1241AA2E756}.UITestConfig|Any CPU.ActiveCfg = UITestConfig|Any CPU
		{252FE5EA-47FB-4705-A5EB-E1241AA2E756}.UITestConfig|Any CPU.Build.0 = UITestConfig|Any CPU
		{252FE5EA-47FB-4705-A5EB-E1241AA2E756}.UITestConfig|Any CPU.Deploy.0 = UITestConfig|Any CPU
		{252FE5EA-47FB-4705-A5EB-E1241AA2E756}.UITestConfig|iPhone.ActiveCfg = UITestConfig|Any CPU
		{252FE5EA-47FB-4705-A5EB-E1241AA2E756}.UITestConfig|iPhone.Build.0 = UITestConfig|Any CPU
		{252FE5EA-47FB-4705-A5EB-E1241AA2E756}.UITestConfig|iPhone.Deploy.0 = UITestConfig|Any CPU
		{252FE5EA-47FB-4705-A5EB-E1241AA2E756}.UITestConfig|iPhoneSimulator.ActiveCfg = UITestConfig|Any CPU
		{252FE5EA-47FB-4705-A5EB-E1241AA2E756}.UITestConfig|iPhoneSimulator.Build.0 = UITestConfig|Any CPU
		{252FE5EA-47FB-4705-A5EB-E1241AA2E756}.UITestConfig|iPhoneSimulator.Deploy.0 = UITestConfig|Any CPU
		{D514C396-56DA-4AD6-8C1F-F933382F096B}.Ad-Hoc|Any CPU.ActiveCfg = Ad-Hoc|iPhoneSimulator
		{D514C396-56DA-4AD6-8C1F-F933382F096B}.Ad-Hoc|iPhone.ActiveCfg = Ad-Hoc|iPhone
		{D514C396-56DA-4AD6-8C1F-F933382F096B}.Ad-Hoc|iPhone.Build.0 = Ad-Hoc|iPhone
		{D514C396-56DA-4AD6-8C1F-F933382F096B}.Ad-Hoc|iPhoneSimulator.ActiveCfg = Ad-Hoc|iPhoneSimulator
		{D514C396-56DA-4AD6-8C1F-F933382F096B}.Ad-Hoc|iPhoneSimulator.Build.0 = Ad-Hoc|iPhoneSimulator
		{D514C396-56DA-4AD6-8C1F-F933382F096B}.AppStore|Any CPU.ActiveCfg = AppStore|iPhoneSimulator
		{D514C396-56DA-4AD6-8C1F-F933382F096B}.AppStore|iPhone.ActiveCfg = AppStore|iPhone
		{D514C396-56DA-4AD6-8C1F-F933382F096B}.AppStore|iPhone.Build.0 = AppStore|iPhone
		{D514C396-56DA-4AD6-8C1F-F933382F096B}.AppStore|iPhoneSimulator.ActiveCfg = AppStore|iPhoneSimulator
		{D514C396-56DA-4AD6-8C1F-F933382F096B}.AppStore|iPhoneSimulator.Build.0 = AppStore|iPhoneSimulator
		{D514C396-56DA-4AD6-8C1F-F933382F096B}.Debug|Any CPU.ActiveCfg = Debug|iPhoneSimulator
		{D514C396-56DA-4AD6-8C1F-F933382F096B}.Debug|Any CPU.Build.0 = Debug|iPhoneSimulator
		{D514C396-56DA-4AD6-8C1F-F933382F096B}.Debug|iPhone.ActiveCfg = Debug|iPhone
		{D514C396-56DA-4AD6-8C1F-F933382F096B}.Debug|iPhone.Build.0 = Debug|iPhone
		{D514C396-56DA-4AD6-8C1F-F933382F096B}.Debug|iPhoneSimulator.ActiveCfg = Debug|iPhoneSimulator
		{D514C396-56DA-4AD6-8C1F-F933382F096B}.Debug|iPhoneSimulator.Build.0 = Debug|iPhoneSimulator
		{D514C396-56DA-4AD6-8C1F-F933382F096B}.Release|Any CPU.ActiveCfg = Release|iPhoneSimulator
		{D514C396-56DA-4AD6-8C1F-F933382F096B}.Release|Any CPU.Build.0 = Release|iPhoneSimulator
		{D514C396-56DA-4AD6-8C1F-F933382F096B}.Release|iPhone.ActiveCfg = Release|iPhone
		{D514C396-56DA-4AD6-8C1F-F933382F096B}.Release|iPhone.Build.0 = Release|iPhone
		{D514C396-56DA-4AD6-8C1F-F933382F096B}.Release|iPhoneSimulator.ActiveCfg = Release|iPhoneSimulator
		{D514C396-56DA-4AD6-8C1F-F933382F096B}.Release|iPhoneSimulator.Build.0 = Release|iPhoneSimulator
		{D514C396-56DA-4AD6-8C1F-F933382F096B}.UITestConfig|Any CPU.ActiveCfg = UITestConfig|iPhone
		{D514C396-56DA-4AD6-8C1F-F933382F096B}.UITestConfig|iPhone.ActiveCfg = UITestConfig|iPhone
		{D514C396-56DA-4AD6-8C1F-F933382F096B}.UITestConfig|iPhone.Build.0 = UITestConfig|iPhone
		{D514C396-56DA-4AD6-8C1F-F933382F096B}.UITestConfig|iPhoneSimulator.ActiveCfg = UITestConfig|iPhoneSimulator
		{D514C396-56DA-4AD6-8C1F-F933382F096B}.UITestConfig|iPhoneSimulator.Build.0 = UITestConfig|iPhoneSimulator
		{093C950E-DB49-48DD-A732-035DF79732F1}.Ad-Hoc|Any CPU.ActiveCfg = Release|Any CPU
		{093C950E-DB49-48DD-A732-035DF79732F1}.Ad-Hoc|Any CPU.Build.0 = Release|Any CPU
		{093C950E-DB49-48DD-A732-035DF79732F1}.Ad-Hoc|iPhone.ActiveCfg = Debug|Any CPU
		{093C950E-DB49-48DD-A732-035DF79732F1}.Ad-Hoc|iPhone.Build.0 = Debug|Any CPU
		{093C950E-DB49-48DD-A732-035DF79732F1}.Ad-Hoc|iPhoneSimulator.ActiveCfg = Release|Any CPU
		{093C950E-DB49-48DD-A732-035DF79732F1}.Ad-Hoc|iPhoneSimulator.Build.0 = Release|Any CPU
		{093C950E-DB49-48DD-A732-035DF79732F1}.AppStore|Any CPU.ActiveCfg = Release|Any CPU
		{093C950E-DB49-48DD-A732-035DF79732F1}.AppStore|Any CPU.Build.0 = Release|Any CPU
		{093C950E-DB49-48DD-A732-035DF79732F1}.AppStore|iPhone.ActiveCfg = Debug|Any CPU
		{093C950E-DB49-48DD-A732-035DF79732F1}.AppStore|iPhone.Build.0 = Debug|Any CPU
		{093C950E-DB49-48DD-A732-035DF79732F1}.AppStore|iPhoneSimulator.ActiveCfg = Release|Any CPU
		{093C950E-DB49-48DD-A732-035DF79732F1}.AppStore|iPhoneSimulator.Build.0 = Release|Any CPU
		{093C950E-DB49-48DD-A732-035DF79732F1}.Debug|Any CPU.ActiveCfg = Debug|Any CPU
		{093C950E-DB49-48DD-A732-035DF79732F1}.Debug|Any CPU.Build.0 = Debug|Any CPU
		{093C950E-DB49-48DD-A732-035DF79732F1}.Debug|iPhone.ActiveCfg = Debug|Any CPU
		{093C950E-DB49-48DD-A732-035DF79732F1}.Debug|iPhone.Build.0 = Debug|Any CPU
		{093C950E-DB49-48DD-A732-035DF79732F1}.Debug|iPhoneSimulator.ActiveCfg = Debug|Any CPU
		{093C950E-DB49-48DD-A732-035DF79732F1}.Debug|iPhoneSimulator.Build.0 = Debug|Any CPU
		{093C950E-DB49-48DD-A732-035DF79732F1}.Release|Any CPU.ActiveCfg = Release|Any CPU
		{093C950E-DB49-48DD-A732-035DF79732F1}.Release|Any CPU.Build.0 = Release|Any CPU
		{093C950E-DB49-48DD-A732-035DF79732F1}.Release|iPhone.ActiveCfg = Release|Any CPU
		{093C950E-DB49-48DD-A732-035DF79732F1}.Release|iPhone.Build.0 = Release|Any CPU
		{093C950E-DB49-48DD-A732-035DF79732F1}.Release|iPhoneSimulator.ActiveCfg = Release|Any CPU
		{093C950E-DB49-48DD-A732-035DF79732F1}.Release|iPhoneSimulator.Build.0 = Release|Any CPU
		{093C950E-DB49-48DD-A732-035DF79732F1}.UITestConfig|Any CPU.ActiveCfg = UITestConfig|Any CPU
		{093C950E-DB49-48DD-A732-035DF79732F1}.UITestConfig|Any CPU.Build.0 = UITestConfig|Any CPU
		{093C950E-DB49-48DD-A732-035DF79732F1}.UITestConfig|iPhone.ActiveCfg = UITestConfig|Any CPU
		{093C950E-DB49-48DD-A732-035DF79732F1}.UITestConfig|iPhone.Build.0 = UITestConfig|Any CPU
		{093C950E-DB49-48DD-A732-035DF79732F1}.UITestConfig|iPhoneSimulator.ActiveCfg = UITestConfig|Any CPU
		{093C950E-DB49-48DD-A732-035DF79732F1}.UITestConfig|iPhoneSimulator.Build.0 = UITestConfig|Any CPU
		{B19C892E-2628-4CA7-AD27-08D406A3B14B}.Ad-Hoc|Any CPU.ActiveCfg = Release|Any CPU
		{B19C892E-2628-4CA7-AD27-08D406A3B14B}.Ad-Hoc|Any CPU.Build.0 = Release|Any CPU
		{B19C892E-2628-4CA7-AD27-08D406A3B14B}.Ad-Hoc|iPhone.ActiveCfg = Release|Any CPU
		{B19C892E-2628-4CA7-AD27-08D406A3B14B}.Ad-Hoc|iPhone.Build.0 = Release|Any CPU
		{B19C892E-2628-4CA7-AD27-08D406A3B14B}.Ad-Hoc|iPhoneSimulator.ActiveCfg = Release|Any CPU
		{B19C892E-2628-4CA7-AD27-08D406A3B14B}.Ad-Hoc|iPhoneSimulator.Build.0 = Release|Any CPU
		{B19C892E-2628-4CA7-AD27-08D406A3B14B}.AppStore|Any CPU.ActiveCfg = Release|Any CPU
		{B19C892E-2628-4CA7-AD27-08D406A3B14B}.AppStore|Any CPU.Build.0 = Release|Any CPU
		{B19C892E-2628-4CA7-AD27-08D406A3B14B}.AppStore|iPhone.ActiveCfg = Release|Any CPU
		{B19C892E-2628-4CA7-AD27-08D406A3B14B}.AppStore|iPhone.Build.0 = Release|Any CPU
		{B19C892E-2628-4CA7-AD27-08D406A3B14B}.AppStore|iPhoneSimulator.ActiveCfg = Release|Any CPU
		{B19C892E-2628-4CA7-AD27-08D406A3B14B}.AppStore|iPhoneSimulator.Build.0 = Release|Any CPU
		{B19C892E-2628-4CA7-AD27-08D406A3B14B}.Debug|Any CPU.ActiveCfg = Debug|Any CPU
		{B19C892E-2628-4CA7-AD27-08D406A3B14B}.Debug|Any CPU.Build.0 = Debug|Any CPU
		{B19C892E-2628-4CA7-AD27-08D406A3B14B}.Debug|iPhone.ActiveCfg = Debug|Any CPU
		{B19C892E-2628-4CA7-AD27-08D406A3B14B}.Debug|iPhone.Build.0 = Debug|Any CPU
		{B19C892E-2628-4CA7-AD27-08D406A3B14B}.Debug|iPhoneSimulator.ActiveCfg = Debug|Any CPU
		{B19C892E-2628-4CA7-AD27-08D406A3B14B}.Debug|iPhoneSimulator.Build.0 = Debug|Any CPU
		{B19C892E-2628-4CA7-AD27-08D406A3B14B}.Release|Any CPU.ActiveCfg = Release|Any CPU
		{B19C892E-2628-4CA7-AD27-08D406A3B14B}.Release|Any CPU.Build.0 = Release|Any CPU
		{B19C892E-2628-4CA7-AD27-08D406A3B14B}.Release|iPhone.ActiveCfg = Release|Any CPU
		{B19C892E-2628-4CA7-AD27-08D406A3B14B}.Release|iPhone.Build.0 = Release|Any CPU
		{B19C892E-2628-4CA7-AD27-08D406A3B14B}.Release|iPhoneSimulator.ActiveCfg = Release|Any CPU
		{B19C892E-2628-4CA7-AD27-08D406A3B14B}.Release|iPhoneSimulator.Build.0 = Release|Any CPU
		{B19C892E-2628-4CA7-AD27-08D406A3B14B}.UITestConfig|Any CPU.ActiveCfg = Release|Any CPU
		{B19C892E-2628-4CA7-AD27-08D406A3B14B}.UITestConfig|Any CPU.Build.0 = Release|Any CPU
		{B19C892E-2628-4CA7-AD27-08D406A3B14B}.UITestConfig|iPhone.ActiveCfg = Release|Any CPU
		{B19C892E-2628-4CA7-AD27-08D406A3B14B}.UITestConfig|iPhone.Build.0 = Release|Any CPU
		{B19C892E-2628-4CA7-AD27-08D406A3B14B}.UITestConfig|iPhoneSimulator.ActiveCfg = Release|Any CPU
		{B19C892E-2628-4CA7-AD27-08D406A3B14B}.UITestConfig|iPhoneSimulator.Build.0 = Release|Any CPU
	EndGlobalSection
	GlobalSection(SolutionProperties) = preSolution
		HideSolutionNode = FALSE
	EndGlobalSection
	GlobalSection(ExtensibilityGlobals) = postSolution
		SolutionGuid = {D5A1CBF6-FF18-4B6D-9598-C08C5F07B944}
	EndGlobalSection
EndGlobal
